
Microsoft Visual Studio Solution File, Format Version 12.00
# Visual Studio 14
VisualStudioVersion = 14.0.23107.0
MinimumVisualStudioVersion = 10.0.40219.1
Project("{FAE04EC0-301F-11D3-BF4B-00C04F79EFBC}") = "feedRSS2", "feedRSS2\feedRSS2.csproj", "{FCD0111F-CD4E-4ED8-8BD5-EAA2EC5C5AAF}"
EndProject
Global
	GlobalSection(SolutionConfigurationPlatforms) = preSolution
		Debug|Any CPU = Debug|Any CPU
		Release|Any CPU = Release|Any CPU
	EndGlobalSection
	GlobalSection(ProjectConfigurationPlatforms) = postSolution
		{FCD0111F-CD4E-4ED8-8BD5-EAA2EC5C5AAF}.Debug|Any CPU.ActiveCfg = Debug|Any CPU
		{FCD0111F-CD4E-4ED8-8BD5-EAA2EC5C5AAF}.Debug|Any CPU.Build.0 = Debug|Any CPU
		{FCD0111F-CD4E-4ED8-8BD5-EAA2EC5C5AAF}.Release|Any CPU.ActiveCfg = Release|Any CPU
		{FCD0111F-CD4E-4ED8-8BD5-EAA2EC5C5AAF}.Release|Any CPU.Build.0 = Release|Any CPU
	EndGlobalSection
	GlobalSection(SolutionProperties) = preSolution
		HideSolutionNode = FALSE
	EndGlobalSection
EndGlobal
